
Microsoft Visual Studio Solution File, Format Version 12.00
# Visual Studio Version 17
VisualStudioVersion = 17.0.31903.59
MinimumVisualStudioVersion = 10.0.40219.1
Project("{FAE04EC0-301F-11D3-BF4B-00C04F79EFBC}") = "lawyer.api.commercialplans.domain", "lawyer.api.commercialplans.domain\lawyer.api.commercialplans.domain.csproj", "{730A2506-7748-4921-ABB4-B5E2662B461B}"
EndProject
Project("{FAE04EC0-301F-11D3-BF4B-00C04F79EFBC}") = "lawyer.api.commercialplans.application", "lawyer.api.commercialplans.application\lawyer.api.commercialplans.application.csproj", "{79FF4C0D-2410-49AE-86B3-9240C82EBD12}"
EndProject
Project("{FAE04EC0-301F-11D3-BF4B-00C04F79EFBC}") = "lawyer.api.commercialplans.datastore.mssql", "lawyer.api.commercialplans.datastore.mssql\lawyer.api.commercialplans.datastore.mssql.csproj", "{ABF86BEC-BA1E-4E78-80C4-58A2BBE14739}"
EndProject
Project("{FAE04EC0-301F-11D3-BF4B-00C04F79EFBC}") = "lawyer.api.commercialplans.webapi", "lawyer.api.commercialplans.webapi\lawyer.api.commercialplans.webapi.csproj", "{E9734E9E-BBA9-4433-B740-C65109DF01E4}"
EndProject
Global
	GlobalSection(SolutionConfigurationPlatforms) = preSolution
		Debug|Any CPU = Debug|Any CPU
		Release|Any CPU = Release|Any CPU
	EndGlobalSection
	GlobalSection(SolutionProperties) = preSolution
		HideSolutionNode = FALSE
	EndGlobalSection
	GlobalSection(ProjectConfigurationPlatforms) = postSolution
		{730A2506-7748-4921-ABB4-B5E2662B461B}.Debug|Any CPU.ActiveCfg = Debug|Any CPU
		{730A2506-7748-4921-ABB4-B5E2662B461B}.Debug|Any CPU.Build.0 = Debug|Any CPU
		{730A2506-7748-4921-ABB4-B5E2662B461B}.Release|Any CPU.ActiveCfg = Release|Any CPU
		{730A2506-7748-4921-ABB4-B5E2662B461B}.Release|Any CPU.Build.0 = Release|Any CPU
		{79FF4C0D-2410-49AE-86B3-9240C82EBD12}.Debug|Any CPU.ActiveCfg = Debug|Any CPU
		{79FF4C0D-2410-49AE-86B3-9240C82EBD12}.Debug|Any CPU.Build.0 = Debug|Any CPU
		{79FF4C0D-2410-49AE-86B3-9240C82EBD12}.Release|Any CPU.ActiveCfg = Release|Any CPU
		{79FF4C0D-2410-49AE-86B3-9240C82EBD12}.Release|Any CPU.Build.0 = Release|Any CPU
		{ABF86BEC-BA1E-4E78-80C4-58A2BBE14739}.Debug|Any CPU.ActiveCfg = Debug|Any CPU
		{ABF86BEC-BA1E-4E78-80C4-58A2BBE14739}.Debug|Any CPU.Build.0 = Debug|Any CPU
		{ABF86BEC-BA1E-4E78-80C4-58A2BBE14739}.Release|Any CPU.ActiveCfg = Release|Any CPU
		{ABF86BEC-BA1E-4E78-80C4-58A2BBE14739}.Release|Any CPU.Build.0 = Release|Any CPU
		{E9734E9E-BBA9-4433-B740-C65109DF01E4}.Debug|Any CPU.ActiveCfg = Debug|Any CPU
		{E9734E9E-BBA9-4433-B740-C65109DF01E4}.Debug|Any CPU.Build.0 = Debug|Any CPU
		{E9734E9E-BBA9-4433-B740-C65109DF01E4}.Release|Any CPU.ActiveCfg = Release|Any CPU
		{E9734E9E-BBA9-4433-B740-C65109DF01E4}.Release|Any CPU.Build.0 = Release|Any CPU
	EndGlobalSection
EndGlobal
